
Microsoft Visual Studio Solution File, Format Version 12.00
# Visual Studio 15
VisualStudioVersion = 15.0.27703.2018
MinimumVisualStudioVersion = 10.0.40219.1
Project("{E24C65DC-7377-472B-9ABA-BC803B73C61A}") = "UrlShorter.WebForm", "UrlShorter.WebForm\", "{B874288D-2D4D-4468-B706-54767EAE6438}"
	ProjectSection(WebsiteProperties) = preProject
		TargetFrameworkMoniker = ".NETFramework,Version%3Dv4.6"
		Debug.AspNetCompiler.VirtualPath = "/localhost_4200"
		Debug.AspNetCompiler.PhysicalPath = "UrlShorter.WebForm\"
		Debug.AspNetCompiler.TargetPath = "PrecompiledWeb\localhost_4200\"
		Debug.AspNetCompiler.Updateable = "true"
		Debug.AspNetCompiler.ForceOverwrite = "true"
		Debug.AspNetCompiler.FixedNames = "false"
		Debug.AspNetCompiler.Debug = "True"
		Release.AspNetCompiler.VirtualPath = "/localhost_4200"
		Release.AspNetCompiler.PhysicalPath = "UrlShorter.WebForm\"
		Release.AspNetCompiler.TargetPath = "PrecompiledWeb\localhost_4200\"
		Release.AspNetCompiler.Updateable = "true"
		Release.AspNetCompiler.ForceOverwrite = "true"
		Release.AspNetCompiler.FixedNames = "false"
		Release.AspNetCompiler.Debug = "False"
		VWDPort = "4200"
		SlnRelativePath = "UrlShorter.WebForm\"
		DefaultWebSiteLanguage = "Visual C#"
	EndProjectSection
EndProject
Global
	GlobalSection(SolutionConfigurationPlatforms) = preSolution
		Debug|Any CPU = Debug|Any CPU
	EndGlobalSection
	GlobalSection(ProjectConfigurationPlatforms) = postSolution
		{B874288D-2D4D-4468-B706-54767EAE6438}.Debug|Any CPU.ActiveCfg = Debug|Any CPU
		{B874288D-2D4D-4468-B706-54767EAE6438}.Debug|Any CPU.Build.0 = Debug|Any CPU
	EndGlobalSection
	GlobalSection(SolutionProperties) = preSolution
		HideSolutionNode = FALSE
	EndGlobalSection
	GlobalSection(ExtensibilityGlobals) = postSolution
		SolutionGuid = {A58C8176-1CA7-44BC-9FDD-743DA46C8D11}
	EndGlobalSection
EndGlobal
